
Microsoft Visual Studio Solution File, Format Version 12.00
# Visual Studio Version 17
VisualStudioVersion = 17.14.36212.18
MinimumVisualStudioVersion = 10.0.40219.1
Project("{FAE04EC0-301F-11D3-BF4B-00C04F79EFBC}") = "L100 - Variables", "L100 - Variables\L100 - Variables.csproj", "{2871DAE2-726E-4A87-BB18-3CA0F785A016}"
EndProject
Project("{FAE04EC0-301F-11D3-BF4B-00C04F79EFBC}") = "L101 - If", "L101 - If\L101 - If.csproj", "{3079787E-3823-4A08-AD60-A07C5E40D6F1}"
EndProject
Project("{FAE04EC0-301F-11D3-BF4B-00C04F79EFBC}") = "L102 - Types and Conversions", "L102 - Types and Conversions\L102 - Types and Conversions.csproj", "{7DFE1F6C-047F-483C-AD3B-DBEAF6F2DD8F}"
EndProject
Project("{FAE04EC0-301F-11D3-BF4B-00C04F79EFBC}") = "L104 - Switch", "L104 - Switch\L104 - Switch.csproj", "{3AFC203E-5826-40AF-BB90-25FA986788EE}"
EndProject
Project("{FAE04EC0-301F-11D3-BF4B-00C04F79EFBC}") = "L105 - For Loops", "L105 - For Loops\L105 - For Loops.csproj", "{CDF4B696-A3E7-44E1-98CF-589EC2EE3DE6}"
EndProject
Project("{FAE04EC0-301F-11D3-BF4B-00C04F79EFBC}") = "L108 - Nested for loops", "L108 - Nested for loops\L108 - Nested for loops.csproj", "{E17EA026-A46C-4619-BC98-58E520069A2E}"
EndProject
Project("{FAE04EC0-301F-11D3-BF4B-00C04F79EFBC}") = "L110 - Built-in functions", "L110 - Built-in functions\L110 - Built-in functions.csproj", "{B7737F3A-F2D3-40C3-9CE3-C9077D8DB90A}"
EndProject
Project("{FAE04EC0-301F-11D3-BF4B-00C04F79EFBC}") = "L116 - Arrays", "L116 - Arrays\L116 - Arrays.csproj", "{9B658AD4-9EF1-427E-A8ED-0D160367C127}"
EndProject
Project("{FAE04EC0-301F-11D3-BF4B-00C04F79EFBC}") = "L117 - Lists", "L117 - Lists\L117 - Lists.csproj", "{5512B775-4DA7-4221-BBE3-F2E24D1E9941}"
EndProject
Project("{FAE04EC0-301F-11D3-BF4B-00C04F79EFBC}") = "L120 - Lists 2", "L120 - Lists 2\L120 - Lists 2.csproj", "{2B7BF1F4-3A67-494F-86BA-5D3B22407058}"
EndProject
Project("{FAE04EC0-301F-11D3-BF4B-00C04F79EFBC}") = "L121 - Parallel Arrays", "L121 - Parallel Arrays\L121 - Parallel Arrays.csproj", "{0778445F-F782-4D5C-BC4B-F2CD2ED8FDC9}"
EndProject
Project("{FAE04EC0-301F-11D3-BF4B-00C04F79EFBC}") = "L122 - Structures", "L122 - Structures\L122 - Structures.csproj", "{119B741E-E488-4F48-98BC-5241FB8954ED}"
EndProject
Project("{FAE04EC0-301F-11D3-BF4B-00C04F79EFBC}") = "L125 - Text Files 1", "L125 - Text Files 1\L125 - Text Files 1.csproj", "{13029D98-F3D1-48FE-BF0B-7768846B74F5}"
EndProject
Project("{FAE04EC0-301F-11D3-BF4B-00C04F79EFBC}") = "L126 - Text Files 2", "L126 - Text Files 2\L126 - Text Files 2.csproj", "{B06D806E-9BFF-4435-AA69-ACF93CBC5E71}"
EndProject
Project("{FAE04EC0-301F-11D3-BF4B-00C04F79EFBC}") = "L127 - Ref", "L127 - Ref\L127 - Ref.csproj", "{15B196B5-31CE-4750-8DE7-01444F8564D0}"
EndProject
Project("{FAE04EC0-301F-11D3-BF4B-00C04F79EFBC}") = "L127 - Ref2", "L127 - Ref2\L127 - Ref2.csproj", "{18E27634-FB02-4B49-9E51-CEB76B6524CC}"
EndProject
Project("{FAE04EC0-301F-11D3-BF4B-00C04F79EFBC}") = "L129 - Dictionaries", "L129 - Dictionaries\L129 - Dictionaries.csproj", "{08140DF4-70D6-420E-9DF0-93DFFCEBD74F}"
EndProject
Project("{FAE04EC0-301F-11D3-BF4B-00C04F79EFBC}") = "L131 - List of Structures", "L131 - List of Structures\L131 - List of Structures.csproj", "{FEDAEF7C-49B0-4EC2-8777-7042C2C60E54}"
EndProject
Project("{FAE04EC0-301F-11D3-BF4B-00C04F79EFBC}") = "L132 - Binary Files", "L132 - Binary Files\L132 - Binary Files.csproj", "{569DA545-F62C-489F-8C00-723928A06AB7}"
EndProject
Project("{FAE04EC0-301F-11D3-BF4B-00C04F79EFBC}") = "L133 - Exceptions", "L133 - Exceptions\L133 - Exceptions.csproj", "{65AC3C2A-7F96-4250-8DA9-1783E95CF5F9}"
EndProject
Project("{FAE04EC0-301F-11D3-BF4B-00C04F79EFBC}") = "L149 - Classes and Objects", "L149 - Classes and Objects\L149 - Classes and Objects.csproj", "{280EC9F2-D3F7-4590-8E04-CADF6E66D8E5}"
EndProject
Project("{FAE04EC0-301F-11D3-BF4B-00C04F79EFBC}") = "L150 - Access Modifiers", "L150 - Access Modifiers\L150 - Access Modifiers.csproj", "{8B73BD4D-37FC-449A-9AB6-718D458747F2}"
EndProject
Global
	GlobalSection(SolutionConfigurationPlatforms) = preSolution
		Debug|Any CPU = Debug|Any CPU
		Release|Any CPU = Release|Any CPU
	EndGlobalSection
	GlobalSection(ProjectConfigurationPlatforms) = postSolution
		{2871DAE2-726E-4A87-BB18-3CA0F785A016}.Debug|Any CPU.ActiveCfg = Debug|Any CPU
		{2871DAE2-726E-4A87-BB18-3CA0F785A016}.Debug|Any CPU.Build.0 = Debug|Any CPU
		{2871DAE2-726E-4A87-BB18-3CA0F785A016}.Release|Any CPU.ActiveCfg = Release|Any CPU
		{2871DAE2-726E-4A87-BB18-3CA0F785A016}.Release|Any CPU.Build.0 = Release|Any CPU
		{3079787E-3823-4A08-AD60-A07C5E40D6F1}.Debug|Any CPU.ActiveCfg = Debug|Any CPU
		{3079787E-3823-4A08-AD60-A07C5E40D6F1}.Debug|Any CPU.Build.0 = Debug|Any CPU
		{3079787E-3823-4A08-AD60-A07C5E40D6F1}.Release|Any CPU.ActiveCfg = Release|Any CPU
		{3079787E-3823-4A08-AD60-A07C5E40D6F1}.Release|Any CPU.Build.0 = Release|Any CPU
		{7DFE1F6C-047F-483C-AD3B-DBEAF6F2DD8F}.Debug|Any CPU.ActiveCfg = Debug|Any CPU
		{7DFE1F6C-047F-483C-AD3B-DBEAF6F2DD8F}.Debug|Any CPU.Build.0 = Debug|Any CPU
		{7DFE1F6C-047F-483C-AD3B-DBEAF6F2DD8F}.Release|Any CPU.ActiveCfg = Release|Any CPU
		{7DFE1F6C-047F-483C-AD3B-DBEAF6F2DD8F}.Release|Any CPU.Build.0 = Release|Any CPU
		{3AFC203E-5826-40AF-BB90-25FA986788EE}.Debug|Any CPU.ActiveCfg = Debug|Any CPU
		{3AFC203E-5826-40AF-BB90-25FA986788EE}.Debug|Any CPU.Build.0 = Debug|Any CPU
		{3AFC203E-5826-40AF-BB90-25FA986788EE}.Release|Any CPU.ActiveCfg = Release|Any CPU
		{3AFC203E-5826-40AF-BB90-25FA986788EE}.Release|Any CPU.Build.0 = Release|Any CPU
		{CDF4B696-A3E7-44E1-98CF-589EC2EE3DE6}.Debug|Any CPU.ActiveCfg = Debug|Any CPU
		{CDF4B696-A3E7-44E1-98CF-589EC2EE3DE6}.Debug|Any CPU.Build.0 = Debug|Any CPU
		{CDF4B696-A3E7-44E1-98CF-589EC2EE3DE6}.Release|Any CPU.ActiveCfg = Release|Any CPU
		{CDF4B696-A3E7-44E1-98CF-589EC2EE3DE6}.Release|Any CPU.Build.0 = Release|Any CPU
		{E17EA026-A46C-4619-BC98-58E520069A2E}.Debug|Any CPU.ActiveCfg = Debug|Any CPU
		{E17EA026-A46C-4619-BC98-58E520069A2E}.Debug|Any CPU.Build.0 = Debug|Any CPU
		{E17EA026-A46C-4619-BC98-58E520069A2E}.Release|Any CPU.ActiveCfg = Release|Any CPU
		{E17EA026-A46C-4619-BC98-58E520069A2E}.Release|Any CPU.Build.0 = Release|Any CPU
		{B7737F3A-F2D3-40C3-9CE3-C9077D8DB90A}.Debug|Any CPU.ActiveCfg = Debug|Any CPU
		{B7737F3A-F2D3-40C3-9CE3-C9077D8DB90A}.Debug|Any CPU.Build.0 = Debug|Any CPU
		{B7737F3A-F2D3-40C3-9CE3-C9077D8DB90A}.Release|Any CPU.ActiveCfg = Release|Any CPU
		{B7737F3A-F2D3-40C3-9CE3-C9077D8DB90A}.Release|Any CPU.Build.0 = Release|Any CPU
		{9B658AD4-9EF1-427E-A8ED-0D160367C127}.Debug|Any CPU.ActiveCfg = Debug|Any CPU
		{9B658AD4-9EF1-427E-A8ED-0D160367C127}.Debug|Any CPU.Build.0 = Debug|Any CPU
		{9B658AD4-9EF1-427E-A8ED-0D160367C127}.Release|Any CPU.ActiveCfg = Release|Any CPU
		{9B658AD4-9EF1-427E-A8ED-0D160367C127}.Release|Any CPU.Build.0 = Release|Any CPU
		{5512B775-4DA7-4221-BBE3-F2E24D1E9941}.Debug|Any CPU.ActiveCfg = Debug|Any CPU
		{5512B775-4DA7-4221-BBE3-F2E24D1E9941}.Debug|Any CPU.Build.0 = Debug|Any CPU
		{5512B775-4DA7-4221-BBE3-F2E24D1E9941}.Release|Any CPU.ActiveCfg = Release|Any CPU
		{5512B775-4DA7-4221-BBE3-F2E24D1E9941}.Release|Any CPU.Build.0 = Release|Any CPU
		{2B7BF1F4-3A67-494F-86BA-5D3B22407058}.Debug|Any CPU.ActiveCfg = Debug|Any CPU
		{2B7BF1F4-3A67-494F-86BA-5D3B22407058}.Debug|Any CPU.Build.0 = Debug|Any CPU
		{2B7BF1F4-3A67-494F-86BA-5D3B22407058}.Release|Any CPU.ActiveCfg = Release|Any CPU
		{2B7BF1F4-3A67-494F-86BA-5D3B22407058}.Release|Any CPU.Build.0 = Release|Any CPU
		{0778445F-F782-4D5C-BC4B-F2CD2ED8FDC9}.Debug|Any CPU.ActiveCfg = Debug|Any CPU
		{0778445F-F782-4D5C-BC4B-F2CD2ED8FDC9}.Debug|Any CPU.Build.0 = Debug|Any CPU
		{0778445F-F782-4D5C-BC4B-F2CD2ED8FDC9}.Release|Any CPU.ActiveCfg = Release|Any CPU
		{0778445F-F782-4D5C-BC4B-F2CD2ED8FDC9}.Release|Any CPU.Build.0 = Release|Any CPU
		{119B741E-E488-4F48-98BC-5241FB8954ED}.Debug|Any CPU.ActiveCfg = Debug|Any CPU
		{119B741E-E488-4F48-98BC-5241FB8954ED}.Debug|Any CPU.Build.0 = Debug|Any CPU
		{119B741E-E488-4F48-98BC-5241FB8954ED}.Release|Any CPU.ActiveCfg = Release|Any CPU
		{119B741E-E488-4F48-98BC-5241FB8954ED}.Release|Any CPU.Build.0 = Release|Any CPU
		{13029D98-F3D1-48FE-BF0B-7768846B74F5}.Debug|Any CPU.ActiveCfg = Debug|Any CPU
		{13029D98-F3D1-48FE-BF0B-7768846B74F5}.Debug|Any CPU.Build.0 = Debug|Any CPU
		{13029D98-F3D1-48FE-BF0B-7768846B74F5}.Release|Any CPU.ActiveCfg = Release|Any CPU
		{13029D98-F3D1-48FE-BF0B-7768846B74F5}.Release|Any CPU.Build.0 = Release|Any CPU
		{B06D806E-9BFF-4435-AA69-ACF93CBC5E71}.Debug|Any CPU.ActiveCfg = Debug|Any CPU
		{B06D806E-9BFF-4435-AA69-ACF93CBC5E71}.Debug|Any CPU.Build.0 = Debug|Any CPU
		{B06D806E-9BFF-4435-AA69-ACF93CBC5E71}.Release|Any CPU.ActiveCfg = Release|Any CPU
		{B06D806E-9BFF-4435-AA69-ACF93CBC5E71}.Release|Any CPU.Build.0 = Release|Any CPU
		{15B196B5-31CE-4750-8DE7-01444F8564D0}.Debug|Any CPU.ActiveCfg = Debug|Any CPU
		{15B196B5-31CE-4750-8DE7-01444F8564D0}.Debug|Any CPU.Build.0 = Debug|Any CPU
		{15B196B5-31CE-4750-8DE7-01444F8564D0}.Release|Any CPU.ActiveCfg = Release|Any CPU
		{15B196B5-31CE-4750-8DE7-01444F8564D0}.Release|Any CPU.Build.0 = Release|Any CPU
		{18E27634-FB02-4B49-9E51-CEB76B6524CC}.Debug|Any CPU.ActiveCfg = Debug|Any CPU
		{18E27634-FB02-4B49-9E51-CEB76B6524CC}.Debug|Any CPU.Build.0 = Debug|Any CPU
		{18E27634-FB02-4B49-9E51-CEB76B6524CC}.Release|Any CPU.ActiveCfg = Release|Any CPU
		{18E27634-FB02-4B49-9E51-CEB76B6524CC}.Release|Any CPU.Build.0 = Release|Any CPU
		{08140DF4-70D6-420E-9DF0-93DFFCEBD74F}.Debug|Any CPU.ActiveCfg = Debug|Any CPU
		{08140DF4-70D6-420E-9DF0-93DFFCEBD74F}.Debug|Any CPU.Build.0 = Debug|Any CPU
		{08140DF4-70D6-420E-9DF0-93DFFCEBD74F}.Release|Any CPU.ActiveCfg = Release|Any CPU
		{08140DF4-70D6-420E-9DF0-93DFFCEBD74F}.Release|Any CPU.Build.0 = Release|Any CPU
		{FEDAEF7C-49B0-4EC2-8777-7042C2C60E54}.Debug|Any CPU.ActiveCfg = Debug|Any CPU
		{FEDAEF7C-49B0-4EC2-8777-7042C2C60E54}.Debug|Any CPU.Build.0 = Debug|Any CPU
		{FEDAEF7C-49B0-4EC2-8777-7042C2C60E54}.Release|Any CPU.ActiveCfg = Release|Any CPU
		{FEDAEF7C-49B0-4EC2-8777-7042C2C60E54}.Release|Any CPU.Build.0 = Release|Any CPU
		{569DA545-F62C-489F-8C00-723928A06AB7}.Debug|Any CPU.ActiveCfg = Debug|Any CPU
		{569DA545-F62C-489F-8C00-723928A06AB7}.Debug|Any CPU.Build.0 = Debug|Any CPU
		{569DA545-F62C-489F-8C00-723928A06AB7}.Release|Any CPU.ActiveCfg = Release|Any CPU
		{569DA545-F62C-489F-8C00-723928A06AB7}.Release|Any CPU.Build.0 = Release|Any CPU
		{65AC3C2A-7F96-4250-8DA9-1783E95CF5F9}.Debug|Any CPU.ActiveCfg = Debug|Any CPU
		{65AC3C2A-7F96-4250-8DA9-1783E95CF5F9}.Debug|Any CPU.Build.0 = Debug|Any CPU
		{65AC3C2A-7F96-4250-8DA9-1783E95CF5F9}.Release|Any CPU.ActiveCfg = Release|Any CPU
		{65AC3C2A-7F96-4250-8DA9-1783E95CF5F9}.Release|Any CPU.Build.0 = Release|Any CPU
		{280EC9F2-D3F7-4590-8E04-CADF6E66D8E5}.Debug|Any CPU.ActiveCfg = Debug|Any CPU
		{280EC9F2-D3F7-4590-8E04-CADF6E66D8E5}.Debug|Any CPU.Build.0 = Debug|Any CPU
		{280EC9F2-D3F7-4590-8E04-CADF6E66D8E5}.Release|Any CPU.ActiveCfg = Release|Any CPU
		{280EC9F2-D3F7-4590-8E04-CADF6E66D8E5}.Release|Any CPU.Build.0 = Release|Any CPU
		{8B73BD4D-37FC-449A-9AB6-718D458747F2}.Debug|Any CPU.ActiveCfg = Debug|Any CPU
		{8B73BD4D-37FC-449A-9AB6-718D458747F2}.Debug|Any CPU.Build.0 = Debug|Any CPU
		{8B73BD4D-37FC-449A-9AB6-718D458747F2}.Release|Any CPU.ActiveCfg = Release|Any CPU
		{8B73BD4D-37FC-449A-9AB6-718D458747F2}.Release|Any CPU.Build.0 = Release|Any CPU
	EndGlobalSection
	GlobalSection(SolutionProperties) = preSolution
		HideSolutionNode = FALSE
	EndGlobalSection
	GlobalSection(ExtensibilityGlobals) = postSolution
		SolutionGuid = {6243E270-4868-49D9-9AA0-F625224674ED}
	EndGlobalSection
EndGlobal
